
Microsoft Visual Studio Solution File, Format Version 12.00
# Visual Studio 2017
Project("{FAE04EC0-301F-11D3-BF4B-00C04F79EFBC}") = "LeapMotionGame", "LeapMotionGame.csproj", "{C806EB2A-671A-07D2-E6BD-BF6DBB928C4D}"
EndProject
Project("{FAE04EC0-301F-11D3-BF4B-00C04F79EFBC}") = "LeapMotionGame.Editor", "LeapMotionGame.Editor.csproj", "{D5CB7388-C16B-3989-1FD5-6B11FC0D3A78}"
EndProject
Global
	GlobalSection(SolutionConfigurationPlatforms) = preSolution
		Debug|Any CPU = Debug|Any CPU
		Release|Any CPU = Release|Any CPU
	EndGlobalSection
	GlobalSection(ProjectConfigurationPlatforms) = postSolution
		{C806EB2A-671A-07D2-E6BD-BF6DBB928C4D}.Debug|Any CPU.ActiveCfg = Debug|Any CPU
		{C806EB2A-671A-07D2-E6BD-BF6DBB928C4D}.Debug|Any CPU.Build.0 = Debug|Any CPU
		{C806EB2A-671A-07D2-E6BD-BF6DBB928C4D}.Release|Any CPU.ActiveCfg = Release|Any CPU
		{C806EB2A-671A-07D2-E6BD-BF6DBB928C4D}.Release|Any CPU.Build.0 = Release|Any CPU
		{D5CB7388-C16B-3989-1FD5-6B11FC0D3A78}.Debug|Any CPU.ActiveCfg = Debug|Any CPU
		{D5CB7388-C16B-3989-1FD5-6B11FC0D3A78}.Debug|Any CPU.Build.0 = Debug|Any CPU
		{D5CB7388-C16B-3989-1FD5-6B11FC0D3A78}.Release|Any CPU.ActiveCfg = Release|Any CPU
		{D5CB7388-C16B-3989-1FD5-6B11FC0D3A78}.Release|Any CPU.Build.0 = Release|Any CPU
	EndGlobalSection
	GlobalSection(SolutionProperties) = preSolution
		HideSolutionNode = FALSE
	EndGlobalSection
EndGlobal
